// !$*UTF8*$!
{
	archiveVersion = 1;
	classes = {
	};
	objectVersion = 46;
	objects = {

/* Begin PBXBuildFile section */
		BF15C6DD1F86733600D0EEB9 /* scrollviewio.swift in Sources */ = {isa = PBXBuildFile; fileRef = BF15C6DC1F86733600D0EEB9 /* scrollviewio.swift */; };
		BF15C6DF1F867B5F00D0EEB9 /* scrollViewNessus.swift in Sources */ = {isa = PBXBuildFile; fileRef = BF15C6DE1F867B5F00D0EEB9 /* scrollViewNessus.swift */; };
		BF9B54D51F86B98700481F79 /* scrollViewTitan.swift in Sources */ = {isa = PBXBuildFile; fileRef = BF9B54D41F86B98700481F79 /* scrollViewTitan.swift */; };
		BFA1FFBE1F8561EE008CA745 /* gif.swift in Sources */ = {isa = PBXBuildFile; fileRef = BFA1FFBD1F8561EE008CA745 /* gif.swift */; };
		BFA1FFC01F8563D4008CA745 /* galaxy.gif in Resources */ = {isa = PBXBuildFile; fileRef = BFA1FFBF1F8563D4008CA745 /* galaxy.gif */; };
		BFB095731F83CC7F0010FD76 /* AppDelegate.swift in Sources */ = {isa = PBXBuildFile; fileRef = BFB095721F83CC7F0010FD76 /* AppDelegate.swift */; };
		BFB095751F83CC7F0010FD76 /* ViewController.swift in Sources */ = {isa = PBXBuildFile; fileRef = BFB095741F83CC7F0010FD76 /* ViewController.swift */; };
		BFB095781F83CC7F0010FD76 /* Main.storyboard in Resources */ = {isa = PBXBuildFile; fileRef = BFB095761F83CC7F0010FD76 /* Main.storyboard */; };
		BFB0957D1F83CC7F0010FD76 /* LaunchScreen.storyboard in Resources */ = {isa = PBXBuildFile; fileRef = BFB0957B1F83CC7F0010FD76 /* LaunchScreen.storyboard */; };
		BFB095851F83D07D0010FD76 /* Assets.xcassets in Resources */ = {isa = PBXBuildFile; fileRef = BFB095841F83D07D0010FD76 /* Assets.xcassets */; };
		BFC89FCD1F881B7900B6D644 /* space.gif in Resources */ = {isa = PBXBuildFile; fileRef = BFC89FCC1F881B7900B6D644 /* space.gif */; };
		BFC89FCF1F8843E200B6D644 /* alertImage.swift in Sources */ = {isa = PBXBuildFile; fileRef = BFC89FCE1F8843E200B6D644 /* alertImage.swift */; };
		BFE023471F8415E6005B6B68 /* scrollView.swift in Sources */ = {isa = PBXBuildFile; fileRef = BFE023461F8415E6005B6B68 /* scrollView.swift */; };
/* End PBXBuildFile section */

/* Begin PBXFileReference section */
		BF15C6DC1F86733600D0EEB9 /* scrollviewio.swift */ = {isa = PBXFileReference; fileEncoding = 4; lastKnownFileType = sourcecode.swift; path = scrollviewio.swift; sourceTree = "<group>"; };
		BF15C6DE1F867B5F00D0EEB9 /* scrollViewNessus.swift */ = {isa = PBXFileReference; fileEncoding = 4; lastKnownFileType = sourcecode.swift; path = scrollViewNessus.swift; sourceTree = "<group>"; };
		BF9B54D41F86B98700481F79 /* scrollViewTitan.swift */ = {isa = PBXFileReference; fileEncoding = 4; lastKnownFileType = sourcecode.swift; path = scrollViewTitan.swift; sourceTree = "<group>"; };
		BFA1FFBD1F8561EE008CA745 /* gif.swift */ = {isa = PBXFileReference; fileEncoding = 4; lastKnownFileType = sourcecode.swift; path = gif.swift; sourceTree = "<group>"; };
		BFA1FFBF1F8563D4008CA745 /* galaxy.gif */ = {isa = PBXFileReference; lastKnownFileType = image.gif; path = galaxy.gif; sourceTree = "<group>"; };
		BFB0956F1F83CC7F0010FD76 /* Midterm-Assignment.app */ = {isa = PBXFileReference; explicitFileType = wrapper.application; includeInIndex = 0; path = "Midterm-Assignment.app"; sourceTree = BUILT_PRODUCTS_DIR; };
		BFB095721F83CC7F0010FD76 /* AppDelegate.swift */ = {isa = PBXFileReference; lastKnownFileType = sourcecode.swift; path = AppDelegate.swift; sourceTree = "<group>"; };
		BFB095741F83CC7F0010FD76 /* ViewController.swift */ = {isa = PBXFileReference; lastKnownFileType = sourcecode.swift; path = ViewController.swift; sourceTree = "<group>"; };
		BFB095771F83CC7F0010FD76 /* Base */ = {isa = PBXFileReference; lastKnownFileType = file.storyboard; name = Base; path = Base.lproj/Main.storyboard; sourceTree = "<group>"; };
		BFB0957C1F83CC7F0010FD76 /* Base */ = {isa = PBXFileReference; lastKnownFileType = file.storyboard; name = Base; path = Base.lproj/LaunchScreen.storyboard; sourceTree = "<group>"; };
		BFB0957E1F83CC7F0010FD76 /* Info.plist */ = {isa = PBXFileReference; lastKnownFileType = text.plist.xml; path = Info.plist; sourceTree = "<group>"; };
		BFB095841F83D07D0010FD76 /* Assets.xcassets */ = {isa = PBXFileReference; lastKnownFileType = folder.assetcatalog; path = Assets.xcassets; sourceTree = "<group>"; };
		BFC89FCC1F881B7900B6D644 /* space.gif */ = {isa = PBXFileReference; lastKnownFileType = image.gif; path = space.gif; sourceTree = "<group>"; };
		BFC89FCE1F8843E200B6D644 /* alertImage.swift */ = {isa = PBXFileReference; fileEncoding = 4; lastKnownFileType = sourcecode.swift; path = alertImage.swift; sourceTree = "<group>"; };
		BFE023461F8415E6005B6B68 /* scrollView.swift */ = {isa = PBXFileReference; fileEncoding = 4; lastKnownFileType = sourcecode.swift; path = scrollView.swift; sourceTree = "<group>"; };
/* End PBXFileReference section */

/* Begin PBXFrameworksBuildPhase section */
		BFB0956C1F83CC7F0010FD76 /* Frameworks */ = {
			isa = PBXFrameworksBuildPhase;
			buildActionMask = 2147483647;
			files = (
			);
			runOnlyForDeploymentPostprocessing = 0;
		};
/* End PBXFrameworksBuildPhase section */

/* Begin PBXGroup section */
		BFB095661F83CC7F0010FD76 = {
			isa = PBXGroup;
			children = (
				BFB095711F83CC7F0010FD76 /* Midterm-Assignment */,
				BFB095701F83CC7F0010FD76 /* Products */,
			);
			sourceTree = "<group>";
		};
		BFB095701F83CC7F0010FD76 /* Products */ = {
			isa = PBXGroup;
			children = (
				BFB0956F1F83CC7F0010FD76 /* Midterm-Assignment.app */,
			);
			name = Products;
			sourceTree = "<group>";
		};
		BFB095711F83CC7F0010FD76 /* Midterm-Assignment */ = {
			isa = PBXGroup;
			children = (
				BFB095721F83CC7F0010FD76 /* AppDelegate.swift */,
				BFB095741F83CC7F0010FD76 /* ViewController.swift */,
				BFB095761F83CC7F0010FD76 /* Main.storyboard */,
				BFC89FCE1F8843E200B6D644 /* alertImage.swift */,
				BF15C6DE1F867B5F00D0EEB9 /* scrollViewNessus.swift */,
				BF15C6DC1F86733600D0EEB9 /* scrollviewio.swift */,
				BFA1FFBD1F8561EE008CA745 /* gif.swift */,
				BFE023461F8415E6005B6B68 /* scrollView.swift */,
				BFA1FFBF1F8563D4008CA745 /* galaxy.gif */,
				BFC89FCC1F881B7900B6D644 /* space.gif */,
				BFB095841F83D07D0010FD76 /* Assets.xcassets */,
				BFB0957B1F83CC7F0010FD76 /* LaunchScreen.storyboard */,
				BFB0957E1F83CC7F0010FD76 /* Info.plist */,
				BF9B54D41F86B98700481F79 /* scrollViewTitan.swift */,
			);
			path = "Midterm-Assignment";
			sourceTree = "<group>";
		};
/* End PBXGroup section */

/* Begin PBXNativeTarget section */
		BFB0956E1F83CC7F0010FD76 /* Midterm-Assignment */ = {
			isa = PBXNativeTarget;
			buildConfigurationList = BFB095811F83CC7F0010FD76 /* Build configuration list for PBXNativeTarget "Midterm-Assignment" */;
			buildPhases = (
				BFB0956B1F83CC7F0010FD76 /* Sources */,
				BFB0956C1F83CC7F0010FD76 /* Frameworks */,
				BFB0956D1F83CC7F0010FD76 /* Resources */,
			);
			buildRules = (
			);
			dependencies = (
			);
			name = "Midterm-Assignment";
			productName = "Midterm-Assignment";
			productReference = BFB0956F1F83CC7F0010FD76 /* Midterm-Assignment.app */;
			productType = "com.apple.product-type.application";
		};
/* End PBXNativeTarget section */

/* Begin PBXProject section */
		BFB095671F83CC7F0010FD76 /* Project object */ = {
			isa = PBXProject;
			attributes = {
				LastSwiftUpdateCheck = 0830;
				LastUpgradeCheck = 0830;
				ORGANIZATIONNAME = "Chris Swinson";
				TargetAttributes = {
					BFB0956E1F83CC7F0010FD76 = {
						CreatedOnToolsVersion = 8.3.3;
						ProvisioningStyle = Automatic;
					};
				};
			};
			buildConfigurationList = BFB0956A1F83CC7F0010FD76 /* Build configuration list for PBXProject "Midterm-Assignment" */;
			compatibilityVersion = "Xcode 3.2";
			developmentRegion = English;
			hasScannedForEncodings = 0;
			knownRegions = (
				en,
				Base,
			);
			mainGroup = BFB095661F83CC7F0010FD76;
			productRefGroup = BFB095701F83CC7F0010FD76 /* Products */;
			projectDirPath = "";
			projectRoot = "";
			targets = (
				BFB0956E1F83CC7F0010FD76 /* Midterm-Assignment */,
			);
		};
/* End PBXProject section */

/* Begin PBXResourcesBuildPhase section */
		BFB0956D1F83CC7F0010FD76 /* Resources */ = {
			isa = PBXResourcesBuildPhase;
			buildActionMask = 2147483647;
			files = (
				BFA1FFC01F8563D4008CA745 /* galaxy.gif in Resources */,
				BFC89FCD1F881B7900B6D644 /* space.gif in Resources */,
				BFB0957D1F83CC7F0010FD76 /* LaunchScreen.storyboard in Resources */,
				BFB095851F83D07D0010FD76 /* Assets.xcassets in Resources */,
				BFB095781F83CC7F0010FD76 /* Main.storyboard in Resources */,
			);
			runOnlyForDeploymentPostprocessing = 0;
		};
/* End PBXResourcesBuildPhase section */

/* Begin PBXSourcesBuildPhase section */
		BFB0956B1F83CC7F0010FD76 /* Sources */ = {
			isa = PBXSourcesBuildPhase;
			buildActionMask = 2147483647;
			files = (
				BF9B54D51F86B98700481F79 /* scrollViewTitan.swift in Sources */,
				BF15C6DF1F867B5F00D0EEB9 /* scrollViewNessus.swift in Sources */,
				BFE023471F8415E6005B6B68 /* scrollView.swift in Sources */,
				BFB095751F83CC7F0010FD76 /* ViewController.swift in Sources */,
				BFA1FFBE1F8561EE008CA745 /* gif.swift in Sources */,
				BFB095731F83CC7F0010FD76 /* AppDelegate.swift in Sources */,
				BFC89FCF1F8843E200B6D644 /* alertImage.swift in Sources */,
				BF15C6DD1F86733600D0EEB9 /* scrollviewio.swift in Sources */,
			);
			runOnlyForDeploymentPostprocessing = 0;
		};
/* End PBXSourcesBuildPhase section */

/* Begin PBXVariantGroup section */
		BFB095761F83CC7F0010FD76 /* Main.storyboard */ = {
			isa = PBXVariantGroup;
			children = (
				BFB095771F83CC7F0010FD76 /* Base */,
			);
			name = Main.storyboard;
			sourceTree = "<group>";
		};
		BFB0957B1F83CC7F0010FD76 /* LaunchScreen.storyboard */ = {
			isa = PBXVariantGroup;
			children = (
				BFB0957C1F83CC7F0010FD76 /* Base */,
			);
			name = LaunchScreen.storyboard;
			sourceTree = "<group>";
		};
/* End PBXVariantGroup section */

/* Begin XCBuildConfiguration section */
		BFB0957F1F83CC7F0010FD76 /* Debug */ = {
			isa = XCBuildConfiguration;
			buildSettings = {
				ALWAYS_SEARCH_USER_PATHS = NO;
				CLANG_ANALYZER_NONNULL = YES;
				CLANG_ANALYZER_NUMBER_OBJECT_CONVERSION = YES_AGGRESSIVE;
				CLANG_CXX_LANGUAGE_STANDARD = "gnu++0x";
				CLANG_CXX_LIBRARY = "libc++";
				CLANG_ENABLE_MODULES = YES;
				CLANG_ENABLE_OBJC_ARC = YES;
				CLANG_WARN_BOOL_CONVERSION = YES;
				CLANG_WARN_CONSTANT_CONVERSION = YES;
				CLANG_WARN_DIRECT_OBJC_ISA_USAGE = YES_ERROR;
				CLANG_WARN_DOCUMENTATION_COMMENTS = YES;
				CLANG_WARN_EMPTY_BODY = YES;
				CLANG_WARN_ENUM_CONVERSION = YES;
				CLANG_WARN_INFINITE_RECURSION = YES;
				CLANG_WARN_INT_CONVERSION = YES;
				CLANG_WARN_OBJC_ROOT_CLASS = YES_ERROR;
				CLANG_WARN_SUSPICIOUS_MOVE = YES;
				CLANG_WARN_UNREACHABLE_CODE = YES;
				CLANG_WARN__DUPLICATE_METHOD_MATCH = YES;
				"CODE_SIGN_IDENTITY[sdk=iphoneos*]" = "iPhone Developer";
				COPY_PHASE_STRIP = NO;
				DEBUG_INFORMATION_FORMAT = dwarf;
				ENABLE_STRICT_OBJC_MSGSEND = YES;
				ENABLE_TESTABILITY = YES;
				GCC_C_LANGUAGE_STANDARD = gnu99;
				GCC_DYNAMIC_NO_PIC = NO;
				GCC_NO_COMMON_BLOCKS = YES;
				GCC_OPTIMIZATION_LEVEL = 0;
				GCC_PREPROCESSOR_DEFINITIONS = (
					"DEBUG=1",
					"$(inherited)",
				);
				GCC_WARN_64_TO_32_BIT_CONVERSION = YES;
				GCC_WARN_ABOUT_RETURN_TYPE = YES_ERROR;
				GCC_WARN_UNDECLARED_SELECTOR = YES;
				GCC_WARN_UNINITIALIZED_AUTOS = YES_AGGRESSIVE;
				GCC_WARN_UNUSED_FUNCTION = YES;
				GCC_WARN_UNUSED_VARIABLE = YES;
				IPHONEOS_DEPLOYMENT_TARGET = 10.3;
				MTL_ENABLE_DEBUG_INFO = YES;
				ONLY_ACTIVE_ARCH = YES;
				SDKROOT = iphoneos;
				SWIFT_ACTIVE_COMPILATION_CONDITIONS = DEBUG;
				SWIFT_OPTIMIZATION_LEVEL = "-Onone";
				TARGETED_DEVICE_FAMILY = "1,2";
			};
			name = Debug;
		};
		BFB095801F83CC7F0010FD76 /* Release */ = {
			isa = XCBuildConfiguration;
			buildSettings = {
				ALWAYS_SEARCH_USER_PATHS = NO;
				CLANG_ANALYZER_NONNULL = YES;
				CLANG_ANALYZER_NUMBER_OBJECT_CONVERSION = YES_AGGRESSIVE;
				CLANG_CXX_LANGUAGE_STANDARD = "gnu++0x";
				CLANG_CXX_LIBRARY = "libc++";
				CLANG_ENABLE_MODULES = YES;
				CLANG_ENABLE_OBJC_ARC = YES;
				CLANG_WARN_BOOL_CONVERSION = YES;
				CLANG_WARN_CONSTANT_CONVERSION = YES;
				CLANG_WARN_DIRECT_OBJC_ISA_USAGE = YES_ERROR;
				CLANG_WARN_DOCUMENTATION_COMMENTS = YES;
				CLANG_WARN_EMPTY_BODY = YES;
				CLANG_WARN_ENUM_CONVERSION = YES;
				CLANG_WARN_INFINITE_RECURSION = YES;
				CLANG_WARN_INT_CONVERSION = YES;
				CLANG_WARN_OBJC_ROOT_CLASS = YES_ERROR;
				CLANG_WARN_SUSPICIOUS_MOVE = YES;
				CLANG_WARN_UNREACHABLE_CODE = YES;
				CLANG_WARN__DUPLICATE_METHOD_MATCH = YES;
				"CODE_SIGN_IDENTITY[sdk=iphoneos*]" = "iPhone Developer";
				COPY_PHASE_STRIP = NO;
				DEBUG_INFORMATION_FORMAT = "dwarf-with-dsym";
				ENABLE_NS_ASSERTIONS = NO;
				ENABLE_STRICT_OBJC_MSGSEND = YES;
				GCC_C_LANGUAGE_STANDARD = gnu99;
				GCC_NO_COMMON_BLOCKS = YES;
				GCC_WARN_64_TO_32_BIT_CONVERSION = YES;
				GCC_WARN_ABOUT_RETURN_TYPE = YES_ERROR;
				GCC_WARN_UNDECLARED_SELECTOR = YES;
				GCC_WARN_UNINITIALIZED_AUTOS = YES_AGGRESSIVE;
				GCC_WARN_UNUSED_FUNCTION = YES;
				GCC_WARN_UNUSED_VARIABLE = YES;
				IPHONEOS_DEPLOYMENT_TARGET = 10.3;
				MTL_ENABLE_DEBUG_INFO = NO;
				SDKROOT = iphoneos;
				SWIFT_OPTIMIZATION_LEVEL = "-Owholemodule";
				TARGETED_DEVICE_FAMILY = "1,2";
				VALIDATE_PRODUCT = YES;
			};
			name = Release;
		};
		BFB095821F83CC7F0010FD76 /* Debug */ = {
			isa = XCBuildConfiguration;
			buildSettings = {
				ASSETCATALOG_COMPILER_APPICON_NAME = AppIcon;
				INFOPLIST_FILE = "Midterm-Assignment/Info.plist";
				LD_RUNPATH_SEARCH_PATHS = "$(inherited) @executable_path/Frameworks";
				PRODUCT_BUNDLE_IDENTIFIER = "NMIX6310.Midterm-Assignment";
				PRODUCT_NAME = "$(TARGET_NAME)";
				SWIFT_VERSION = 3.0;
			};
			name = Debug;
		};
		BFB095831F83CC7F0010FD76 /* Release */ = {
			isa = XCBuildConfiguration;
			buildSettings = {
				ASSETCATALOG_COMPILER_APPICON_NAME = AppIcon;
				INFOPLIST_FILE = "Midterm-Assignment/Info.plist";
				LD_RUNPATH_SEARCH_PATHS = "$(inherited) @executable_path/Frameworks";
				PRODUCT_BUNDLE_IDENTIFIER = "NMIX6310.Midterm-Assignment";
				PRODUCT_NAME = "$(TARGET_NAME)";
				SWIFT_VERSION = 3.0;
			};
			name = Release;
		};
/* End XCBuildConfiguration section */

/* Begin XCConfigurationList section */
		BFB0956A1F83CC7F0010FD76 /* Build configuration list for PBXProject "Midterm-Assignment" */ = {
			isa = XCConfigurationList;
			buildConfigurations = (
				BFB0957F1F83CC7F0010FD76 /* Debug */,
				BFB095801F83CC7F0010FD76 /* Release */,
			);
			defaultConfigurationIsVisible = 0;
			defaultConfigurationName = Release;
		};
		BFB095811F83CC7F0010FD76 /* Build configuration list for PBXNativeTarget "Midterm-Assignment" */ = {
			isa = XCConfigurationList;
			buildConfigurations = (
				BFB095821F83CC7F0010FD76 /* Debug */,
				BFB095831F83CC7F0010FD76 /* Release */,
			);
			defaultConfigurationIsVisible = 0;
			defaultConfigurationName = Release;
		};
/* End XCConfigurationList section */
	};
	rootObject = BFB095671F83CC7F0010FD76 /* Project object */;
}
